# This file is autogenerated, do not edit; changes may be undone by the next 'dep ensure'.


[[projects]]
  name = "github.com/kelseyhightower/envconfig"
  packages = ["."]
  revision = "f611eb38b3875cc3bd991ca91c51d06446afa14c"
  version = "v1.3.0"

[[projects]]
  name = "github.com/nlopes/slack"
  packages = ["."]
  revision = "c86337c0ef2486a15edd804355d9c73d2f2caed1"
  version = "v0.1.0"

[[projects]]
  name = "golang.org/x/net"
  packages = ["idna","publicsuffix","websocket"]
  revision = "66aacef3dd8a676686c7ae3716979581e8b03c47"

[[projects]]
  branch = "master"
  name = "golang.org/x/text"
  packages = ["collate","collate/build","internal/colltab","internal/gen","internal/tag","internal/triegen","internal/ucd","language","secure/bidirule","transform","unicode/bidi","unicode/cldr","unicode/norm","unicode/rangetable"]
  revision = "a352c5cd197410fb50acfd80644a31f30f381cc1"

[[projects]]
  name = "gopkg.in/h2non/gentleman.v2"
  packages = [".","context","middleware","mux","plugin","plugins/body","plugins/bodytype","plugins/cookies","plugins/headers","plugins/multipart","plugins/query","plugins/url","utils"]
  revision = "e0f81be2f4064ea7aa7470e9daddd2dc8e8152c7"
  version = "v2.0.3"

[solve-meta]
  analyzer-name = "dep"
  analyzer-version = 1
  inputs-digest = "2f03afffcb2d12b94aa395c30faa6ad64ad4498ca9b869023a2767e5143308cb"
  solver-name = "gps-cdcl"
  solver-version = 1
